
Microsoft Visual Studio Solution File, Format Version 12.00
# Visual Studio Version 16
VisualStudioVersion = 16.0.30204.135
MinimumVisualStudioVersion = 10.0.40219.1
Project("{FAE04EC0-301F-11D3-BF4B-00C04F79EFBC}") = "FluentSerialization", "src\FluentSerialization\FluentSerialization.csproj", "{A1B2CFC9-2369-4EF2-AB15-FAEEF47D1313}"
EndProject
Project("{FAE04EC0-301F-11D3-BF4B-00C04F79EFBC}") = "FluentSerialization.Tests", "src\FluentSerialization.Tests\FluentSerialization.Tests.csproj", "{DB4CE21D-3F90-4E4E-8973-ECED63AA5FC3}"
EndProject
Global
	GlobalSection(SolutionConfigurationPlatforms) = preSolution
		Debug|Any CPU = Debug|Any CPU
		Release|Any CPU = Release|Any CPU
	EndGlobalSection
	GlobalSection(ProjectConfigurationPlatforms) = postSolution
		{A1B2CFC9-2369-4EF2-AB15-FAEEF47D1313}.Debug|Any CPU.ActiveCfg = Debug|Any CPU
		{A1B2CFC9-2369-4EF2-AB15-FAEEF47D1313}.Debug|Any CPU.Build.0 = Debug|Any CPU
		{A1B2CFC9-2369-4EF2-AB15-FAEEF47D1313}.Release|Any CPU.ActiveCfg = Release|Any CPU
		{A1B2CFC9-2369-4EF2-AB15-FAEEF47D1313}.Release|Any CPU.Build.0 = Release|Any CPU
		{DB4CE21D-3F90-4E4E-8973-ECED63AA5FC3}.Debug|Any CPU.ActiveCfg = Debug|Any CPU
		{DB4CE21D-3F90-4E4E-8973-ECED63AA5FC3}.Debug|Any CPU.Build.0 = Debug|Any CPU
		{DB4CE21D-3F90-4E4E-8973-ECED63AA5FC3}.Release|Any CPU.ActiveCfg = Release|Any CPU
		{DB4CE21D-3F90-4E4E-8973-ECED63AA5FC3}.Release|Any CPU.Build.0 = Release|Any CPU
	EndGlobalSection
	GlobalSection(SolutionProperties) = preSolution
		HideSolutionNode = FALSE
	EndGlobalSection
	GlobalSection(ExtensibilityGlobals) = postSolution
		SolutionGuid = {6344D512-DCF7-452E-86CC-36F47249B7A6}
	EndGlobalSection
EndGlobal
